// !$*UTF8*$!
{
	archiveVersion = 1;
	classes = {
	};
	objectVersion = 46;
	objects = {

/* Begin PBXBuildFile section */
		0586F2CB862E8DD993E6AFAA /* Pods_Secure_Note.framework in Frameworks */ = {isa = PBXBuildFile; fileRef = 174DD6DF3417DB63CC04F527 /* Pods_Secure_Note.framework */; };
		850C64221F772BB500ED1C12 /* DatabaseDocument.swift in Sources */ = {isa = PBXBuildFile; fileRef = 850C64211F772BB500ED1C12 /* DatabaseDocument.swift */; };
		850C64241F772BEE00ED1C12 /* DocumentType.swift in Sources */ = {isa = PBXBuildFile; fileRef = 850C64231F772BEE00ED1C12 /* DocumentType.swift */; };
		8543A53C1F770CFF00DB747E /* DataProvider.swift in Sources */ = {isa = PBXBuildFile; fileRef = 8543A53B1F770CFF00DB747E /* DataProvider.swift */; };
		8562A9E61F770AB200A1A907 /* AppDelegate.swift in Sources */ = {isa = PBXBuildFile; fileRef = 8562A9E51F770AB200A1A907 /* AppDelegate.swift */; };
		8562A9E81F770AB200A1A907 /* ViewController.swift in Sources */ = {isa = PBXBuildFile; fileRef = 8562A9E71F770AB200A1A907 /* ViewController.swift */; };
		8562A9EB1F770AB200A1A907 /* Main.storyboard in Resources */ = {isa = PBXBuildFile; fileRef = 8562A9E91F770AB200A1A907 /* Main.storyboard */; };
		8562A9ED1F770AB200A1A907 /* Assets.xcassets in Resources */ = {isa = PBXBuildFile; fileRef = 8562A9EC1F770AB200A1A907 /* Assets.xcassets */; };
		8562A9F01F770AB200A1A907 /* LaunchScreen.storyboard in Resources */ = {isa = PBXBuildFile; fileRef = 8562A9EE1F770AB200A1A907 /* LaunchScreen.storyboard */; };
		8562A9FB1F770AB200A1A907 /* Secure_NoteTests.swift in Sources */ = {isa = PBXBuildFile; fileRef = 8562A9FA1F770AB200A1A907 /* Secure_NoteTests.swift */; };
		8562AA061F770AB200A1A907 /* Secure_NoteUITests.swift in Sources */ = {isa = PBXBuildFile; fileRef = 8562AA051F770AB200A1A907 /* Secure_NoteUITests.swift */; };
		994F2A394C29600E93FA39C1 /* Pods_Secure_NoteTests.framework in Frameworks */ = {isa = PBXBuildFile; fileRef = 695C631C0BF4F1ED2FF1A502 /* Pods_Secure_NoteTests.framework */; };
		AA2409E3D6D4D19759180176 /* Pods_Secure_NoteUITests.framework in Frameworks */ = {isa = PBXBuildFile; fileRef = AB52ABED7378017458E9A7E8 /* Pods_Secure_NoteUITests.framework */; };
/* End PBXBuildFile section */

/* Begin PBXContainerItemProxy section */
		8562A9F71F770AB200A1A907 /* PBXContainerItemProxy */ = {
			isa = PBXContainerItemProxy;
			containerPortal = 8562A9DA1F770AB200A1A907 /* Project object */;
			proxyType = 1;
			remoteGlobalIDString = 8562A9E11F770AB200A1A907;
			remoteInfo = "Secure Note";
		};
		8562AA021F770AB200A1A907 /* PBXContainerItemProxy */ = {
			isa = PBXContainerItemProxy;
			containerPortal = 8562A9DA1F770AB200A1A907 /* Project object */;
			proxyType = 1;
			remoteGlobalIDString = 8562A9E11F770AB200A1A907;
			remoteInfo = "Secure Note";
		};
/* End PBXContainerItemProxy section */

/* Begin PBXFileReference section */
		174DD6DF3417DB63CC04F527 /* Pods_Secure_Note.framework */ = {isa = PBXFileReference; explicitFileType = wrapper.framework; includeInIndex = 0; path = Pods_Secure_Note.framework; sourceTree = BUILT_PRODUCTS_DIR; };
		34887E7106C892433B852FD3 /* Pods-Secure NoteTests.debug.xcconfig */ = {isa = PBXFileReference; includeInIndex = 1; lastKnownFileType = text.xcconfig; name = "Pods-Secure NoteTests.debug.xcconfig"; path = "Pods/Target Support Files/Pods-Secure NoteTests/Pods-Secure NoteTests.debug.xcconfig"; sourceTree = "<group>"; };
		695C631C0BF4F1ED2FF1A502 /* Pods_Secure_NoteTests.framework */ = {isa = PBXFileReference; explicitFileType = wrapper.framework; includeInIndex = 0; path = Pods_Secure_NoteTests.framework; sourceTree = BUILT_PRODUCTS_DIR; };
		850C64211F772BB500ED1C12 /* DatabaseDocument.swift */ = {isa = PBXFileReference; fileEncoding = 4; lastKnownFileType = sourcecode.swift; path = DatabaseDocument.swift; sourceTree = "<group>"; };
		850C64231F772BEE00ED1C12 /* DocumentType.swift */ = {isa = PBXFileReference; fileEncoding = 4; lastKnownFileType = sourcecode.swift; path = DocumentType.swift; sourceTree = "<group>"; };
		8543A53B1F770CFF00DB747E /* DataProvider.swift */ = {isa = PBXFileReference; fileEncoding = 4; lastKnownFileType = sourcecode.swift; path = DataProvider.swift; sourceTree = "<group>"; };
		8543A53D1F770D4B00DB747E /* secure-note-objc-bridging-header.h */ = {isa = PBXFileReference; lastKnownFileType = sourcecode.c.h; path = "secure-note-objc-bridging-header.h"; sourceTree = "<group>"; };
		8562A9E21F770AB200A1A907 /* Secure Note.app */ = {isa = PBXFileReference; explicitFileType = wrapper.application; includeInIndex = 0; path = "Secure Note.app"; sourceTree = BUILT_PRODUCTS_DIR; };
		8562A9E51F770AB200A1A907 /* AppDelegate.swift */ = {isa = PBXFileReference; lastKnownFileType = sourcecode.swift; path = AppDelegate.swift; sourceTree = "<group>"; };
		8562A9E71F770AB200A1A907 /* ViewController.swift */ = {isa = PBXFileReference; lastKnownFileType = sourcecode.swift; path = ViewController.swift; sourceTree = "<group>"; };
		8562A9EA1F770AB200A1A907 /* Base */ = {isa = PBXFileReference; lastKnownFileType = file.storyboard; name = Base; path = Base.lproj/Main.storyboard; sourceTree = "<group>"; };
		8562A9EC1F770AB200A1A907 /* Assets.xcassets */ = {isa = PBXFileReference; lastKnownFileType = folder.assetcatalog; path = Assets.xcassets; sourceTree = "<group>"; };
		8562A9EF1F770AB200A1A907 /* Base */ = {isa = PBXFileReference; lastKnownFileType = file.storyboard; name = Base; path = Base.lproj/LaunchScreen.storyboard; sourceTree = "<group>"; };
		8562A9F11F770AB200A1A907 /* Info.plist */ = {isa = PBXFileReference; lastKnownFileType = text.plist.xml; path = Info.plist; sourceTree = "<group>"; };
		8562A9F61F770AB200A1A907 /* Secure NoteTests.xctest */ = {isa = PBXFileReference; explicitFileType = wrapper.cfbundle; includeInIndex = 0; path = "Secure NoteTests.xctest"; sourceTree = BUILT_PRODUCTS_DIR; };
		8562A9FA1F770AB200A1A907 /* Secure_NoteTests.swift */ = {isa = PBXFileReference; lastKnownFileType = sourcecode.swift; path = Secure_NoteTests.swift; sourceTree = "<group>"; };
		8562A9FC1F770AB200A1A907 /* Info.plist */ = {isa = PBXFileReference; lastKnownFileType = text.plist.xml; path = Info.plist; sourceTree = "<group>"; };
		8562AA011F770AB200A1A907 /* Secure NoteUITests.xctest */ = {isa = PBXFileReference; explicitFileType = wrapper.cfbundle; includeInIndex = 0; path = "Secure NoteUITests.xctest"; sourceTree = BUILT_PRODUCTS_DIR; };
		8562AA051F770AB200A1A907 /* Secure_NoteUITests.swift */ = {isa = PBXFileReference; lastKnownFileType = sourcecode.swift; path = Secure_NoteUITests.swift; sourceTree = "<group>"; };
		8562AA071F770AB200A1A907 /* Info.plist */ = {isa = PBXFileReference; lastKnownFileType = text.plist.xml; path = Info.plist; sourceTree = "<group>"; };
		9035B8DF6C8D48D52541AB6E /* Pods-Secure NoteUITests.release.xcconfig */ = {isa = PBXFileReference; includeInIndex = 1; lastKnownFileType = text.xcconfig; name = "Pods-Secure NoteUITests.release.xcconfig"; path = "Pods/Target Support Files/Pods-Secure NoteUITests/Pods-Secure NoteUITests.release.xcconfig"; sourceTree = "<group>"; };
		A07E11651E7593959D479AC9 /* Pods-Secure Note.debug.xcconfig */ = {isa = PBXFileReference; includeInIndex = 1; lastKnownFileType = text.xcconfig; name = "Pods-Secure Note.debug.xcconfig"; path = "Pods/Target Support Files/Pods-Secure Note/Pods-Secure Note.debug.xcconfig"; sourceTree = "<group>"; };
		AB52ABED7378017458E9A7E8 /* Pods_Secure_NoteUITests.framework */ = {isa = PBXFileReference; explicitFileType = wrapper.framework; includeInIndex = 0; path = Pods_Secure_NoteUITests.framework; sourceTree = BUILT_PRODUCTS_DIR; };
		AF5193C3D6614779EAE339E4 /* Pods-Secure NoteTests.release.xcconfig */ = {isa = PBXFileReference; includeInIndex = 1; lastKnownFileType = text.xcconfig; name = "Pods-Secure NoteTests.release.xcconfig"; path = "Pods/Target Support Files/Pods-Secure NoteTests/Pods-Secure NoteTests.release.xcconfig"; sourceTree = "<group>"; };
		BAC5BDC5DBF2AED2AC9CE56F /* Pods-Secure NoteUITests.debug.xcconfig */ = {isa = PBXFileReference; includeInIndex = 1; lastKnownFileType = text.xcconfig; name = "Pods-Secure NoteUITests.debug.xcconfig"; path = "Pods/Target Support Files/Pods-Secure NoteUITests/Pods-Secure NoteUITests.debug.xcconfig"; sourceTree = "<group>"; };
		D7B22BEA6176A011D7CE2510 /* Pods-Secure Note.release.xcconfig */ = {isa = PBXFileReference; includeInIndex = 1; lastKnownFileType = text.xcconfig; name = "Pods-Secure Note.release.xcconfig"; path = "Pods/Target Support Files/Pods-Secure Note/Pods-Secure Note.release.xcconfig"; sourceTree = "<group>"; };
/* End PBXFileReference section */

/* Begin PBXFrameworksBuildPhase section */
		8562A9DF1F770AB200A1A907 /* Frameworks */ = {
			isa = PBXFrameworksBuildPhase;
			buildActionMask = 2147483647;
			files = (
				0586F2CB862E8DD993E6AFAA /* Pods_Secure_Note.framework in Frameworks */,
			);
			runOnlyForDeploymentPostprocessing = 0;
		};
		8562A9F31F770AB200A1A907 /* Frameworks */ = {
			isa = PBXFrameworksBuildPhase;
			buildActionMask = 2147483647;
			files = (
				994F2A394C29600E93FA39C1 /* Pods_Secure_NoteTests.framework in Frameworks */,
			);
			runOnlyForDeploymentPostprocessing = 0;
		};
		8562A9FE1F770AB200A1A907 /* Frameworks */ = {
			isa = PBXFrameworksBuildPhase;
			buildActionMask = 2147483647;
			files = (
				AA2409E3D6D4D19759180176 /* Pods_Secure_NoteUITests.framework in Frameworks */,
			);
			runOnlyForDeploymentPostprocessing = 0;
		};
/* End PBXFrameworksBuildPhase section */

/* Begin PBXGroup section */
		0579C1233C0A36AD934AF360 /* Pods */ = {
			isa = PBXGroup;
			children = (
				A07E11651E7593959D479AC9 /* Pods-Secure Note.debug.xcconfig */,
				D7B22BEA6176A011D7CE2510 /* Pods-Secure Note.release.xcconfig */,
				34887E7106C892433B852FD3 /* Pods-Secure NoteTests.debug.xcconfig */,
				AF5193C3D6614779EAE339E4 /* Pods-Secure NoteTests.release.xcconfig */,
				BAC5BDC5DBF2AED2AC9CE56F /* Pods-Secure NoteUITests.debug.xcconfig */,
				9035B8DF6C8D48D52541AB6E /* Pods-Secure NoteUITests.release.xcconfig */,
			);
			name = Pods;
			sourceTree = "<group>";
		};
		850C64201F772BA200ED1C12 /* Database */ = {
			isa = PBXGroup;
			children = (
				8543A53B1F770CFF00DB747E /* DataProvider.swift */,
				850C64211F772BB500ED1C12 /* DatabaseDocument.swift */,
				850C64231F772BEE00ED1C12 /* DocumentType.swift */,
			);
			name = Database;
			sourceTree = "<group>";
		};
		8562A9D91F770AB200A1A907 = {
			isa = PBXGroup;
			children = (
				8562A9E41F770AB200A1A907 /* Secure Note */,
				8562A9F91F770AB200A1A907 /* Secure NoteTests */,
				8562AA041F770AB200A1A907 /* Secure NoteUITests */,
				8562A9E31F770AB200A1A907 /* Products */,
				0579C1233C0A36AD934AF360 /* Pods */,
				8CBB2C5FCB4FE681B1518CB8 /* Frameworks */,
			);
			sourceTree = "<group>";
		};
		8562A9E31F770AB200A1A907 /* Products */ = {
			isa = PBXGroup;
			children = (
				8562A9E21F770AB200A1A907 /* Secure Note.app */,
				8562A9F61F770AB200A1A907 /* Secure NoteTests.xctest */,
				8562AA011F770AB200A1A907 /* Secure NoteUITests.xctest */,
			);
			name = Products;
			sourceTree = "<group>";
		};
		8562A9E41F770AB200A1A907 /* Secure Note */ = {
			isa = PBXGroup;
			children = (
				850C64201F772BA200ED1C12 /* Database */,
				8562A9E51F770AB200A1A907 /* AppDelegate.swift */,
				8562A9E71F770AB200A1A907 /* ViewController.swift */,
				8562A9E91F770AB200A1A907 /* Main.storyboard */,
				8562A9EC1F770AB200A1A907 /* Assets.xcassets */,
				8562A9EE1F770AB200A1A907 /* LaunchScreen.storyboard */,
				8562A9F11F770AB200A1A907 /* Info.plist */,
				8543A53D1F770D4B00DB747E /* secure-note-objc-bridging-header.h */,
			);
			path = "Secure Note";
			sourceTree = "<group>";
		};
		8562A9F91F770AB200A1A907 /* Secure NoteTests */ = {
			isa = PBXGroup;
			children = (
				8562A9FA1F770AB200A1A907 /* Secure_NoteTests.swift */,
				8562A9FC1F770AB200A1A907 /* Info.plist */,
			);
			path = "Secure NoteTests";
			sourceTree = "<group>";
		};
		8562AA041F770AB200A1A907 /* Secure NoteUITests */ = {
			isa = PBXGroup;
			children = (
				8562AA051F770AB200A1A907 /* Secure_NoteUITests.swift */,
				8562AA071F770AB200A1A907 /* Info.plist */,
			);
			path = "Secure NoteUITests";
			sourceTree = "<group>";
		};
		8CBB2C5FCB4FE681B1518CB8 /* Frameworks */ = {
			isa = PBXGroup;
			children = (
				174DD6DF3417DB63CC04F527 /* Pods_Secure_Note.framework */,
				695C631C0BF4F1ED2FF1A502 /* Pods_Secure_NoteTests.framework */,
				AB52ABED7378017458E9A7E8 /* Pods_Secure_NoteUITests.framework */,
			);
			name = Frameworks;
			sourceTree = "<group>";
		};
/* End PBXGroup section */

/* Begin PBXNativeTarget section */
		8562A9E11F770AB200A1A907 /* Secure Note */ = {
			isa = PBXNativeTarget;
			buildConfigurationList = 8562AA0A1F770AB200A1A907 /* Build configuration list for PBXNativeTarget "Secure Note" */;
			buildPhases = (
				283D3F42ED01FEEE39953249 /* [CP] Check Pods Manifest.lock */,
				8562A9DE1F770AB200A1A907 /* Sources */,
				8562A9DF1F770AB200A1A907 /* Frameworks */,
				8562A9E01F770AB200A1A907 /* Resources */,
				7C89038DCC74B96F2F1F0E66 /* [CP] Embed Pods Frameworks */,
				3AE699F6A11D122C9A7219FA /* [CP] Copy Pods Resources */,
			);
			buildRules = (
			);
			dependencies = (
			);
			name = "Secure Note";
			productName = "Secure Note";
			productReference = 8562A9E21F770AB200A1A907 /* Secure Note.app */;
			productType = "com.apple.product-type.application";
		};
		8562A9F51F770AB200A1A907 /* Secure NoteTests */ = {
			isa = PBXNativeTarget;
			buildConfigurationList = 8562AA0D1F770AB200A1A907 /* Build configuration list for PBXNativeTarget "Secure NoteTests" */;
			buildPhases = (
				3AD810F983C381AC8A59033A /* [CP] Check Pods Manifest.lock */,
				8562A9F21F770AB200A1A907 /* Sources */,
				8562A9F31F770AB200A1A907 /* Frameworks */,
				8562A9F41F770AB200A1A907 /* Resources */,
				85B67B8820FA1F8E52AED86E /* [CP] Embed Pods Frameworks */,
				096B51F1DCE71B0E43983771 /* [CP] Copy Pods Resources */,
			);
			buildRules = (
			);
			dependencies = (
				8562A9F81F770AB200A1A907 /* PBXTargetDependency */,
			);
			name = "Secure NoteTests";
			productName = "Secure NoteTests";
			productReference = 8562A9F61F770AB200A1A907 /* Secure NoteTests.xctest */;
			productType = "com.apple.product-type.bundle.unit-test";
		};
		8562AA001F770AB200A1A907 /* Secure NoteUITests */ = {
			isa = PBXNativeTarget;
			buildConfigurationList = 8562AA101F770AB200A1A907 /* Build configuration list for PBXNativeTarget "Secure NoteUITests" */;
			buildPhases = (
				D4C38D8D090D6CA1E66F66E2 /* [CP] Check Pods Manifest.lock */,
				8562A9FD1F770AB200A1A907 /* Sources */,
				8562A9FE1F770AB200A1A907 /* Frameworks */,
				8562A9FF1F770AB200A1A907 /* Resources */,
				9669D0385403DEE9E78A03EB /* [CP] Embed Pods Frameworks */,
				50FA2C624DC7AC531A54E094 /* [CP] Copy Pods Resources */,
			);
			buildRules = (
			);
			dependencies = (
				8562AA031F770AB200A1A907 /* PBXTargetDependency */,
			);
			name = "Secure NoteUITests";
			productName = "Secure NoteUITests";
			productReference = 8562AA011F770AB200A1A907 /* Secure NoteUITests.xctest */;
			productType = "com.apple.product-type.bundle.ui-testing";
		};
/* End PBXNativeTarget section */

/* Begin PBXProject section */
		8562A9DA1F770AB200A1A907 /* Project object */ = {
			isa = PBXProject;
			attributes = {
				LastSwiftUpdateCheck = 0830;
				LastUpgradeCheck = 0830;
				ORGANIZATIONNAME = "Andrew Johnson";
				TargetAttributes = {
					8562A9E11F770AB200A1A907 = {
						CreatedOnToolsVersion = 8.3.1;
						DevelopmentTeam = P9K3JNL3SV;
						ProvisioningStyle = Automatic;
					};
					8562A9F51F770AB200A1A907 = {
						CreatedOnToolsVersion = 8.3.1;
						DevelopmentTeam = P9K3JNL3SV;
						ProvisioningStyle = Automatic;
						TestTargetID = 8562A9E11F770AB200A1A907;
					};
					8562AA001F770AB200A1A907 = {
						CreatedOnToolsVersion = 8.3.1;
						DevelopmentTeam = P9K3JNL3SV;
						ProvisioningStyle = Automatic;
						TestTargetID = 8562A9E11F770AB200A1A907;
					};
				};
			};
			buildConfigurationList = 8562A9DD1F770AB200A1A907 /* Build configuration list for PBXProject "Secure Note" */;
			compatibilityVersion = "Xcode 3.2";
			developmentRegion = English;
			hasScannedForEncodings = 0;
			knownRegions = (
				en,
				Base,
			);
			mainGroup = 8562A9D91F770AB200A1A907;
			productRefGroup = 8562A9E31F770AB200A1A907 /* Products */;
			projectDirPath = "";
			projectRoot = "";
			targets = (
				8562A9E11F770AB200A1A907 /* Secure Note */,
				8562A9F51F770AB200A1A907 /* Secure NoteTests */,
				8562AA001F770AB200A1A907 /* Secure NoteUITests */,
			);
		};
/* End PBXProject section */

/* Begin PBXResourcesBuildPhase section */
		8562A9E01F770AB200A1A907 /* Resources */ = {
			isa = PBXResourcesBuildPhase;
			buildActionMask = 2147483647;
			files = (
				8562A9F01F770AB200A1A907 /* LaunchScreen.storyboard in Resources */,
				8562A9ED1F770AB200A1A907 /* Assets.xcassets in Resources */,
				8562A9EB1F770AB200A1A907 /* Main.storyboard in Resources */,
			);
			runOnlyForDeploymentPostprocessing = 0;
		};
		8562A9F41F770AB200A1A907 /* Resources */ = {
			isa = PBXResourcesBuildPhase;
			buildActionMask = 2147483647;
			files = (
			);
			runOnlyForDeploymentPostprocessing = 0;
		};
		8562A9FF1F770AB200A1A907 /* Resources */ = {
			isa = PBXResourcesBuildPhase;
			buildActionMask = 2147483647;
			files = (
			);
			runOnlyForDeploymentPostprocessing = 0;
		};
/* End PBXResourcesBuildPhase section */

/* Begin PBXShellScriptBuildPhase section */
		096B51F1DCE71B0E43983771 /* [CP] Copy Pods Resources */ = {
			isa = PBXShellScriptBuildPhase;
			buildActionMask = 2147483647;
			files = (
			);
			inputPaths = (
			);
			name = "[CP] Copy Pods Resources";
			outputPaths = (
			);
			runOnlyForDeploymentPostprocessing = 0;
			shellPath = /bin/sh;
			shellScript = "\"${SRCROOT}/Pods/Target Support Files/Pods-Secure NoteTests/Pods-Secure NoteTests-resources.sh\"\n";
			showEnvVarsInLog = 0;
		};
		283D3F42ED01FEEE39953249 /* [CP] Check Pods Manifest.lock */ = {
			isa = PBXShellScriptBuildPhase;
			buildActionMask = 2147483647;
			files = (
			);
			inputPaths = (
			);
			name = "[CP] Check Pods Manifest.lock";
			outputPaths = (
			);
			runOnlyForDeploymentPostprocessing = 0;
			shellPath = /bin/sh;
			shellScript = "diff \"${PODS_ROOT}/../Podfile.lock\" \"${PODS_ROOT}/Manifest.lock\" > /dev/null\nif [ $? != 0 ] ; then\n    # print error to STDERR\n    echo \"error: The sandbox is not in sync with the Podfile.lock. Run 'pod install' or update your CocoaPods installation.\" >&2\n    exit 1\nfi\n";
			showEnvVarsInLog = 0;
		};
		3AD810F983C381AC8A59033A /* [CP] Check Pods Manifest.lock */ = {
			isa = PBXShellScriptBuildPhase;
			buildActionMask = 2147483647;
			files = (
			);
			inputPaths = (
			);
			name = "[CP] Check Pods Manifest.lock";
			outputPaths = (
			);
			runOnlyForDeploymentPostprocessing = 0;
			shellPath = /bin/sh;
			shellScript = "diff \"${PODS_ROOT}/../Podfile.lock\" \"${PODS_ROOT}/Manifest.lock\" > /dev/null\nif [ $? != 0 ] ; then\n    # print error to STDERR\n    echo \"error: The sandbox is not in sync with the Podfile.lock. Run 'pod install' or update your CocoaPods installation.\" >&2\n    exit 1\nfi\n";
			showEnvVarsInLog = 0;
		};
		3AE699F6A11D122C9A7219FA /* [CP] Copy Pods Resources */ = {
			isa = PBXShellScriptBuildPhase;
			buildActionMask = 2147483647;
			files = (
			);
			inputPaths = (
			);
			name = "[CP] Copy Pods Resources";
			outputPaths = (
			);
			runOnlyForDeploymentPostprocessing = 0;
			shellPath = /bin/sh;
			shellScript = "\"${SRCROOT}/Pods/Target Support Files/Pods-Secure Note/Pods-Secure Note-resources.sh\"\n";
			showEnvVarsInLog = 0;
		};
		50FA2C624DC7AC531A54E094 /* [CP] Copy Pods Resources */ = {
			isa = PBXShellScriptBuildPhase;
			buildActionMask = 2147483647;
			files = (
			);
			inputPaths = (
			);
			name = "[CP] Copy Pods Resources";
			outputPaths = (
			);
			runOnlyForDeploymentPostprocessing = 0;
			shellPath = /bin/sh;
			shellScript = "\"${SRCROOT}/Pods/Target Support Files/Pods-Secure NoteUITests/Pods-Secure NoteUITests-resources.sh\"\n";
			showEnvVarsInLog = 0;
		};
		7C89038DCC74B96F2F1F0E66 /* [CP] Embed Pods Frameworks */ = {
			isa = PBXShellScriptBuildPhase;
			buildActionMask = 2147483647;
			files = (
			);
			inputPaths = (
			);
			name = "[CP] Embed Pods Frameworks";
			outputPaths = (
			);
			runOnlyForDeploymentPostprocessing = 0;
			shellPath = /bin/sh;
			shellScript = "\"${SRCROOT}/Pods/Target Support Files/Pods-Secure Note/Pods-Secure Note-frameworks.sh\"\n";
			showEnvVarsInLog = 0;
		};
		85B67B8820FA1F8E52AED86E /* [CP] Embed Pods Frameworks */ = {
			isa = PBXShellScriptBuildPhase;
			buildActionMask = 2147483647;
			files = (
			);
			inputPaths = (
			);
			name = "[CP] Embed Pods Frameworks";
			outputPaths = (
			);
			runOnlyForDeploymentPostprocessing = 0;
			shellPath = /bin/sh;
			shellScript = "\"${SRCROOT}/Pods/Target Support Files/Pods-Secure NoteTests/Pods-Secure NoteTests-frameworks.sh\"\n";
			showEnvVarsInLog = 0;
		};
		9669D0385403DEE9E78A03EB /* [CP] Embed Pods Frameworks */ = {
			isa = PBXShellScriptBuildPhase;
			buildActionMask = 2147483647;
			files = (
			);
			inputPaths = (
			);
			name = "[CP] Embed Pods Frameworks";
			outputPaths = (
			);
			runOnlyForDeploymentPostprocessing = 0;
			shellPath = /bin/sh;
			shellScript = "\"${SRCROOT}/Pods/Target Support Files/Pods-Secure NoteUITests/Pods-Secure NoteUITests-frameworks.sh\"\n";
			showEnvVarsInLog = 0;
		};
		D4C38D8D090D6CA1E66F66E2 /* [CP] Check Pods Manifest.lock */ = {
			isa = PBXShellScriptBuildPhase;
			buildActionMask = 2147483647;
			files = (
			);
			inputPaths = (
			);
			name = "[CP] Check Pods Manifest.lock";
			outputPaths = (
			);
			runOnlyForDeploymentPostprocessing = 0;
			shellPath = /bin/sh;
			shellScript = "diff \"${PODS_ROOT}/../Podfile.lock\" \"${PODS_ROOT}/Manifest.lock\" > /dev/null\nif [ $? != 0 ] ; then\n    # print error to STDERR\n    echo \"error: The sandbox is not in sync with the Podfile.lock. Run 'pod install' or update your CocoaPods installation.\" >&2\n    exit 1\nfi\n";
			showEnvVarsInLog = 0;
		};
/* End PBXShellScriptBuildPhase section */

/* Begin PBXSourcesBuildPhase section */
		8562A9DE1F770AB200A1A907 /* Sources */ = {
			isa = PBXSourcesBuildPhase;
			buildActionMask = 2147483647;
			files = (
				8543A53C1F770CFF00DB747E /* DataProvider.swift in Sources */,
				850C64221F772BB500ED1C12 /* DatabaseDocument.swift in Sources */,
				850C64241F772BEE00ED1C12 /* DocumentType.swift in Sources */,
				8562A9E81F770AB200A1A907 /* ViewController.swift in Sources */,
				8562A9E61F770AB200A1A907 /* AppDelegate.swift in Sources */,
			);
			runOnlyForDeploymentPostprocessing = 0;
		};
		8562A9F21F770AB200A1A907 /* Sources */ = {
			isa = PBXSourcesBuildPhase;
			buildActionMask = 2147483647;
			files = (
				8562A9FB1F770AB200A1A907 /* Secure_NoteTests.swift in Sources */,
			);
			runOnlyForDeploymentPostprocessing = 0;
		};
		8562A9FD1F770AB200A1A907 /* Sources */ = {
			isa = PBXSourcesBuildPhase;
			buildActionMask = 2147483647;
			files = (
				8562AA061F770AB200A1A907 /* Secure_NoteUITests.swift in Sources */,
			);
			runOnlyForDeploymentPostprocessing = 0;
		};
/* End PBXSourcesBuildPhase section */

/* Begin PBXTargetDependency section */
		8562A9F81F770AB200A1A907 /* PBXTargetDependency */ = {
			isa = PBXTargetDependency;
			target = 8562A9E11F770AB200A1A907 /* Secure Note */;
			targetProxy = 8562A9F71F770AB200A1A907 /* PBXContainerItemProxy */;
		};
		8562AA031F770AB200A1A907 /* PBXTargetDependency */ = {
			isa = PBXTargetDependency;
			target = 8562A9E11F770AB200A1A907 /* Secure Note */;
			targetProxy = 8562AA021F770AB200A1A907 /* PBXContainerItemProxy */;
		};
/* End PBXTargetDependency section */

/* Begin PBXVariantGroup section */
		8562A9E91F770AB200A1A907 /* Main.storyboard */ = {
			isa = PBXVariantGroup;
			children = (
				8562A9EA1F770AB200A1A907 /* Base */,
			);
			name = Main.storyboard;
			sourceTree = "<group>";
		};
		8562A9EE1F770AB200A1A907 /* LaunchScreen.storyboard */ = {
			isa = PBXVariantGroup;
			children = (
				8562A9EF1F770AB200A1A907 /* Base */,
			);
			name = LaunchScreen.storyboard;
			sourceTree = "<group>";
		};
/* End PBXVariantGroup section */

/* Begin XCBuildConfiguration section */
		8562AA081F770AB200A1A907 /* Debug */ = {
			isa = XCBuildConfiguration;
			buildSettings = {
				ALWAYS_SEARCH_USER_PATHS = NO;
				CLANG_ANALYZER_NONNULL = YES;
				CLANG_ANALYZER_NUMBER_OBJECT_CONVERSION = YES_AGGRESSIVE;
				CLANG_CXX_LANGUAGE_STANDARD = "gnu++0x";
				CLANG_CXX_LIBRARY = "libc++";
				CLANG_ENABLE_MODULES = YES;
				CLANG_ENABLE_OBJC_ARC = YES;
				CLANG_WARN_BOOL_CONVERSION = YES;
				CLANG_WARN_CONSTANT_CONVERSION = YES;
				CLANG_WARN_DIRECT_OBJC_ISA_USAGE = YES_ERROR;
				CLANG_WARN_DOCUMENTATION_COMMENTS = YES;
				CLANG_WARN_EMPTY_BODY = YES;
				CLANG_WARN_ENUM_CONVERSION = YES;
				CLANG_WARN_INFINITE_RECURSION = YES;
				CLANG_WARN_INT_CONVERSION = YES;
				CLANG_WARN_OBJC_ROOT_CLASS = YES_ERROR;
				CLANG_WARN_SUSPICIOUS_MOVE = YES;
				CLANG_WARN_UNREACHABLE_CODE = YES;
				CLANG_WARN__DUPLICATE_METHOD_MATCH = YES;
				"CODE_SIGN_IDENTITY[sdk=iphoneos*]" = "iPhone Developer";
				COPY_PHASE_STRIP = NO;
				DEBUG_INFORMATION_FORMAT = dwarf;
				ENABLE_STRICT_OBJC_MSGSEND = YES;
				ENABLE_TESTABILITY = YES;
				GCC_C_LANGUAGE_STANDARD = gnu99;
				GCC_DYNAMIC_NO_PIC = NO;
				GCC_NO_COMMON_BLOCKS = YES;
				GCC_OPTIMIZATION_LEVEL = 0;
				GCC_PREPROCESSOR_DEFINITIONS = (
					"DEBUG=1",
					"$(inherited)",
				);
				GCC_WARN_64_TO_32_BIT_CONVERSION = YES;
				GCC_WARN_ABOUT_RETURN_TYPE = YES_ERROR;
				GCC_WARN_UNDECLARED_SELECTOR = YES;
				GCC_WARN_UNINITIALIZED_AUTOS = YES_AGGRESSIVE;
				GCC_WARN_UNUSED_FUNCTION = YES;
				GCC_WARN_UNUSED_VARIABLE = YES;
				IPHONEOS_DEPLOYMENT_TARGET = 10.3;
				MTL_ENABLE_DEBUG_INFO = YES;
				ONLY_ACTIVE_ARCH = YES;
				SDKROOT = iphoneos;
				SWIFT_ACTIVE_COMPILATION_CONDITIONS = DEBUG;
				SWIFT_OPTIMIZATION_LEVEL = "-Onone";
				TARGETED_DEVICE_FAMILY = "1,2";
			};
			name = Debug;
		};
		8562AA091F770AB200A1A907 /* Release */ = {
			isa = XCBuildConfiguration;
			buildSettings = {
				ALWAYS_SEARCH_USER_PATHS = NO;
				CLANG_ANALYZER_NONNULL = YES;
				CLANG_ANALYZER_NUMBER_OBJECT_CONVERSION = YES_AGGRESSIVE;
				CLANG_CXX_LANGUAGE_STANDARD = "gnu++0x";
				CLANG_CXX_LIBRARY = "libc++";
				CLANG_ENABLE_MODULES = YES;
				CLANG_ENABLE_OBJC_ARC = YES;
				CLANG_WARN_BOOL_CONVERSION = YES;
				CLANG_WARN_CONSTANT_CONVERSION = YES;
				CLANG_WARN_DIRECT_OBJC_ISA_USAGE = YES_ERROR;
				CLANG_WARN_DOCUMENTATION_COMMENTS = YES;
				CLANG_WARN_EMPTY_BODY = YES;
				CLANG_WARN_ENUM_CONVERSION = YES;
				CLANG_WARN_INFINITE_RECURSION = YES;
				CLANG_WARN_INT_CONVERSION = YES;
				CLANG_WARN_OBJC_ROOT_CLASS = YES_ERROR;
				CLANG_WARN_SUSPICIOUS_MOVE = YES;
				CLANG_WARN_UNREACHABLE_CODE = YES;
				CLANG_WARN__DUPLICATE_METHOD_MATCH = YES;
				"CODE_SIGN_IDENTITY[sdk=iphoneos*]" = "iPhone Developer";
				COPY_PHASE_STRIP = NO;
				DEBUG_INFORMATION_FORMAT = "dwarf-with-dsym";
				ENABLE_NS_ASSERTIONS = NO;
				ENABLE_STRICT_OBJC_MSGSEND = YES;
				GCC_C_LANGUAGE_STANDARD = gnu99;
				GCC_NO_COMMON_BLOCKS = YES;
				GCC_WARN_64_TO_32_BIT_CONVERSION = YES;
				GCC_WARN_ABOUT_RETURN_TYPE = YES_ERROR;
				GCC_WARN_UNDECLARED_SELECTOR = YES;
				GCC_WARN_UNINITIALIZED_AUTOS = YES_AGGRESSIVE;
				GCC_WARN_UNUSED_FUNCTION = YES;
				GCC_WARN_UNUSED_VARIABLE = YES;
				IPHONEOS_DEPLOYMENT_TARGET = 10.3;
				MTL_ENABLE_DEBUG_INFO = NO;
				SDKROOT = iphoneos;
				SWIFT_OPTIMIZATION_LEVEL = "-Owholemodule";
				TARGETED_DEVICE_FAMILY = "1,2";
				VALIDATE_PRODUCT = YES;
			};
			name = Release;
		};
		8562AA0B1F770AB200A1A907 /* Debug */ = {
			isa = XCBuildConfiguration;
			baseConfigurationReference = A07E11651E7593959D479AC9 /* Pods-Secure Note.debug.xcconfig */;
			buildSettings = {
				ASSETCATALOG_COMPILER_APPICON_NAME = AppIcon;
				DEVELOPMENT_TEAM = P9K3JNL3SV;
				INFOPLIST_FILE = "Secure Note/Info.plist";
				LD_RUNPATH_SEARCH_PATHS = "$(inherited) @executable_path/Frameworks";
				PRODUCT_BUNDLE_IDENTIFIER = "com.andrewjohnson.Secure-Note";
				PRODUCT_NAME = "$(TARGET_NAME)";
				SWIFT_OBJC_BRIDGING_HEADER = "Secure Note/secure-note-objc-bridging-header.h";
				SWIFT_VERSION = 3.0;
			};
			name = Debug;
		};
		8562AA0C1F770AB200A1A907 /* Release */ = {
			isa = XCBuildConfiguration;
			baseConfigurationReference = D7B22BEA6176A011D7CE2510 /* Pods-Secure Note.release.xcconfig */;
			buildSettings = {
				ASSETCATALOG_COMPILER_APPICON_NAME = AppIcon;
				DEVELOPMENT_TEAM = P9K3JNL3SV;
				INFOPLIST_FILE = "Secure Note/Info.plist";
				LD_RUNPATH_SEARCH_PATHS = "$(inherited) @executable_path/Frameworks";
				PRODUCT_BUNDLE_IDENTIFIER = "com.andrewjohnson.Secure-Note";
				PRODUCT_NAME = "$(TARGET_NAME)";
				SWIFT_OBJC_BRIDGING_HEADER = "Secure Note/secure-note-objc-bridging-header.h";
				SWIFT_VERSION = 3.0;
			};
			name = Release;
		};
		8562AA0E1F770AB200A1A907 /* Debug */ = {
			isa = XCBuildConfiguration;
			baseConfigurationReference = 34887E7106C892433B852FD3 /* Pods-Secure NoteTests.debug.xcconfig */;
			buildSettings = {
				ALWAYS_EMBED_SWIFT_STANDARD_LIBRARIES = YES;
				BUNDLE_LOADER = "$(TEST_HOST)";
				DEVELOPMENT_TEAM = P9K3JNL3SV;
				INFOPLIST_FILE = "Secure NoteTests/Info.plist";
				LD_RUNPATH_SEARCH_PATHS = "$(inherited) @executable_path/Frameworks @loader_path/Frameworks";
				PRODUCT_BUNDLE_IDENTIFIER = "com.andrewjohnson.Secure-NoteTests";
				PRODUCT_NAME = "$(TARGET_NAME)";
				SWIFT_VERSION = 3.0;
				TEST_HOST = "$(BUILT_PRODUCTS_DIR)/Secure Note.app/Secure Note";
			};
			name = Debug;
		};
		8562AA0F1F770AB200A1A907 /* Release */ = {
			isa = XCBuildConfiguration;
			baseConfigurationReference = AF5193C3D6614779EAE339E4 /* Pods-Secure NoteTests.release.xcconfig */;
			buildSettings = {
				ALWAYS_EMBED_SWIFT_STANDARD_LIBRARIES = YES;
				BUNDLE_LOADER = "$(TEST_HOST)";
				DEVELOPMENT_TEAM = P9K3JNL3SV;
				INFOPLIST_FILE = "Secure NoteTests/Info.plist";
				LD_RUNPATH_SEARCH_PATHS = "$(inherited) @executable_path/Frameworks @loader_path/Frameworks";
				PRODUCT_BUNDLE_IDENTIFIER = "com.andrewjohnson.Secure-NoteTests";
				PRODUCT_NAME = "$(TARGET_NAME)";
				SWIFT_VERSION = 3.0;
				TEST_HOST = "$(BUILT_PRODUCTS_DIR)/Secure Note.app/Secure Note";
			};
			name = Release;
		};
		8562AA111F770AB200A1A907 /* Debug */ = {
			isa = XCBuildConfiguration;
			baseConfigurationReference = BAC5BDC5DBF2AED2AC9CE56F /* Pods-Secure NoteUITests.debug.xcconfig */;
			buildSettings = {
				ALWAYS_EMBED_SWIFT_STANDARD_LIBRARIES = YES;
				DEVELOPMENT_TEAM = P9K3JNL3SV;
				INFOPLIST_FILE = "Secure NoteUITests/Info.plist";
				LD_RUNPATH_SEARCH_PATHS = "$(inherited) @executable_path/Frameworks @loader_path/Frameworks";
				PRODUCT_BUNDLE_IDENTIFIER = "com.andrewjohnson.Secure-NoteUITests";
				PRODUCT_NAME = "$(TARGET_NAME)";
				SWIFT_VERSION = 3.0;
				TEST_TARGET_NAME = "Secure Note";
			};
			name = Debug;
		};
		8562AA121F770AB200A1A907 /* Release */ = {
			isa = XCBuildConfiguration;
			baseConfigurationReference = 9035B8DF6C8D48D52541AB6E /* Pods-Secure NoteUITests.release.xcconfig */;
			buildSettings = {
				ALWAYS_EMBED_SWIFT_STANDARD_LIBRARIES = YES;
				DEVELOPMENT_TEAM = P9K3JNL3SV;
				INFOPLIST_FILE = "Secure NoteUITests/Info.plist";
				LD_RUNPATH_SEARCH_PATHS = "$(inherited) @executable_path/Frameworks @loader_path/Frameworks";
				PRODUCT_BUNDLE_IDENTIFIER = "com.andrewjohnson.Secure-NoteUITests";
				PRODUCT_NAME = "$(TARGET_NAME)";
				SWIFT_VERSION = 3.0;
				TEST_TARGET_NAME = "Secure Note";
			};
			name = Release;
		};
/* End XCBuildConfiguration section */

/* Begin XCConfigurationList section */
		8562A9DD1F770AB200A1A907 /* Build configuration list for PBXProject "Secure Note" */ = {
			isa = XCConfigurationList;
			buildConfigurations = (
				8562AA081F770AB200A1A907 /* Debug */,
				8562AA091F770AB200A1A907 /* Release */,
			);
			defaultConfigurationIsVisible = 0;
			defaultConfigurationName = Release;
		};
		8562AA0A1F770AB200A1A907 /* Build configuration list for PBXNativeTarget "Secure Note" */ = {
			isa = XCConfigurationList;
			buildConfigurations = (
				8562AA0B1F770AB200A1A907 /* Debug */,
				8562AA0C1F770AB200A1A907 /* Release */,
			);
			defaultConfigurationIsVisible = 0;
			defaultConfigurationName = Release;
		};
		8562AA0D1F770AB200A1A907 /* Build configuration list for PBXNativeTarget "Secure NoteTests" */ = {
			isa = XCConfigurationList;
			buildConfigurations = (
				8562AA0E1F770AB200A1A907 /* Debug */,
				8562AA0F1F770AB200A1A907 /* Release */,
			);
			defaultConfigurationIsVisible = 0;
			defaultConfigurationName = Release;
		};
		8562AA101F770AB200A1A907 /* Build configuration list for PBXNativeTarget "Secure NoteUITests" */ = {
			isa = XCConfigurationList;
			buildConfigurations = (
				8562AA111F770AB200A1A907 /* Debug */,
				8562AA121F770AB200A1A907 /* Release */,
			);
			defaultConfigurationIsVisible = 0;
			defaultConfigurationName = Release;
		};
/* End XCConfigurationList section */
	};
	rootObject = 8562A9DA1F770AB200A1A907 /* Project object */;
}
